
Microsoft Visual Studio Solution File, Format Version 12.00
# Visual Studio Version 17
VisualStudioVersion = 17.8.34322.80
MinimumVisualStudioVersion = 10.0.40219.1
Project("{FAE04EC0-301F-11D3-BF4B-00C04F79EFBC}") = "Calculator", "Calculator\Calculator.csproj", "{EE280F00-82DB-4FDE-AE57-24D3C090CC5A}"
EndProject
Global
	GlobalSection(SolutionConfigurationPlatforms) = preSolution
		Debug|Any CPU = Debug|Any CPU
		Release|Any CPU = Release|Any CPU
	EndGlobalSection
	GlobalSection(ProjectConfigurationPlatforms) = postSolution
		{EE280F00-82DB-4FDE-AE57-24D3C090CC5A}.Debug|Any CPU.ActiveCfg = Debug|Any CPU
		{EE280F00-82DB-4FDE-AE57-24D3C090CC5A}.Debug|Any CPU.Build.0 = Debug|Any CPU
		{EE280F00-82DB-4FDE-AE57-24D3C090CC5A}.Release|Any CPU.ActiveCfg = Release|Any CPU
		{EE280F00-82DB-4FDE-AE57-24D3C090CC5A}.Release|Any CPU.Build.0 = Release|Any CPU
	EndGlobalSection
	GlobalSection(SolutionProperties) = preSolution
		HideSolutionNode = FALSE
	EndGlobalSection
	GlobalSection(ExtensibilityGlobals) = postSolution
		SolutionGuid = {6848181F-137F-4B57-B010-0C4F98F2005D}
	EndGlobalSection
EndGlobal
