
Microsoft Visual Studio Solution File, Format Version 12.00
# Visual Studio Version 17
VisualStudioVersion = 17.7.34221.43
MinimumVisualStudioVersion = 10.0.40219.1
Project("{FAE04EC0-301F-11D3-BF4B-00C04F79EFBC}") = "Personal", "Personal\Personal.csproj", "{CCD931BA-014A-413C-8C74-D6BDB76C93CD}"
EndProject
Global
	GlobalSection(SolutionConfigurationPlatforms) = preSolution
		Debug|Any CPU = Debug|Any CPU
		Release|Any CPU = Release|Any CPU
	EndGlobalSection
	GlobalSection(ProjectConfigurationPlatforms) = postSolution
		{CCD931BA-014A-413C-8C74-D6BDB76C93CD}.Debug|Any CPU.ActiveCfg = Debug|Any CPU
		{CCD931BA-014A-413C-8C74-D6BDB76C93CD}.Debug|Any CPU.Build.0 = Debug|Any CPU
		{CCD931BA-014A-413C-8C74-D6BDB76C93CD}.Release|Any CPU.ActiveCfg = Release|Any CPU
		{CCD931BA-014A-413C-8C74-D6BDB76C93CD}.Release|Any CPU.Build.0 = Release|Any CPU
	EndGlobalSection
	GlobalSection(SolutionProperties) = preSolution
		HideSolutionNode = FALSE
	EndGlobalSection
	GlobalSection(ExtensibilityGlobals) = postSolution
		SolutionGuid = {E247EA86-4CD5-4193-AC59-FE3778F4F5A9}
	EndGlobalSection
EndGlobal
